
Microsoft Visual Studio Solution File, Format Version 12.00
# Visual Studio Version 17
VisualStudioVersion = 17.9.34622.214
MinimumVisualStudioVersion = 10.0.40219.1
Project("{FAE04EC0-301F-11D3-BF4B-00C04F79EFBC}") = "SuperHeroAPI", "SuperHeroAPI\SuperHeroAPI.csproj", "{3C0A2F79-3B7D-4707-B624-EADE1565ED20}"
EndProject
Global
	GlobalSection(SolutionConfigurationPlatforms) = preSolution
		Debug|Any CPU = Debug|Any CPU
		Release|Any CPU = Release|Any CPU
	EndGlobalSection
	GlobalSection(ProjectConfigurationPlatforms) = postSolution
		{3C0A2F79-3B7D-4707-B624-EADE1565ED20}.Debug|Any CPU.ActiveCfg = Debug|Any CPU
		{3C0A2F79-3B7D-4707-B624-EADE1565ED20}.Debug|Any CPU.Build.0 = Debug|Any CPU
		{3C0A2F79-3B7D-4707-B624-EADE1565ED20}.Release|Any CPU.ActiveCfg = Release|Any CPU
		{3C0A2F79-3B7D-4707-B624-EADE1565ED20}.Release|Any CPU.Build.0 = Release|Any CPU
	EndGlobalSection
	GlobalSection(SolutionProperties) = preSolution
		HideSolutionNode = FALSE
	EndGlobalSection
	GlobalSection(ExtensibilityGlobals) = postSolution
		SolutionGuid = {0A7EF250-1488-4C77-A83B-A28A517FBC00}
	EndGlobalSection
EndGlobal
